
Microsoft Visual Studio Solution File, Format Version 12.00
# Visual Studio Version 17
VisualStudioVersion = 17.12.35514.174 d17.12
MinimumVisualStudioVersion = 10.0.40219.1
Project("{2150E333-8FDC-42A3-9474-1A3956D46DE8}") = "Src", "Src", "{DC9568A6-48B1-4CC8-AD44-DCD0F91D408A}"
EndProject
Project("{2150E333-8FDC-42A3-9474-1A3956D46DE8}") = "Core", "Core", "{54971C1F-D7B6-464C-9258-A2C80ABA4774}"
EndProject
Project("{2150E333-8FDC-42A3-9474-1A3956D46DE8}") = "Infrastructure", "Infrastructure", "{C858DB67-3617-4118-A6AA-0F2B6C70EAA7}"
EndProject
Project("{2150E333-8FDC-42A3-9474-1A3956D46DE8}") = "Presentation", "Presentation", "{E31C08CA-8C83-4919-B6D2-C865EC1FD236}"
EndProject
Project("{2150E333-8FDC-42A3-9474-1A3956D46DE8}") = "Test", "Test", "{9CC6E48E-E311-47E2-A22A-740D0C224013}"
EndProject
Project("{FAE04EC0-301F-11D3-BF4B-00C04F79EFBC}") = "ProniaOnion.Domain", "Src\Core\ProniaOnion.Domain\ProniaOnion.Domain.csproj", "{F629775D-A435-498A-8C14-0F018F4AE6AF}"
EndProject
Project("{FAE04EC0-301F-11D3-BF4B-00C04F79EFBC}") = "ProniaOnion.Application", "Src\Core\ProniaOnion.Application\ProniaOnion.Application.csproj", "{05CE0FF6-EE3D-4514-AA93-6D6F005E2FE4}"
EndProject
Project("{FAE04EC0-301F-11D3-BF4B-00C04F79EFBC}") = "ProniaOnion.Presistence", "Src\Infrastructure\ProniaOnion.Presistence\ProniaOnion.Presistence.csproj", "{C6363969-E466-4D36-B1A6-0FFD4AF2F690}"
EndProject
Project("{FAE04EC0-301F-11D3-BF4B-00C04F79EFBC}") = "ProniaOnion.Infrastructure", "Src\Infrastructure\ProniaOnion.Infrastructure\ProniaOnion.Infrastructure.csproj", "{CC9BAB2D-48EB-4492-9BE0-0D35D18677C4}"
EndProject
Project("{FAE04EC0-301F-11D3-BF4B-00C04F79EFBC}") = "ProniaOnion.API", "Presentation\ProniaOnion.API\ProniaOnion.API.csproj", "{A5EAD808-E338-423A-B45C-F6D03B6BE3B0}"
EndProject
Global
	GlobalSection(SolutionConfigurationPlatforms) = preSolution
		Debug|Any CPU = Debug|Any CPU
		Release|Any CPU = Release|Any CPU
	EndGlobalSection
	GlobalSection(ProjectConfigurationPlatforms) = postSolution
		{F629775D-A435-498A-8C14-0F018F4AE6AF}.Debug|Any CPU.ActiveCfg = Debug|Any CPU
		{F629775D-A435-498A-8C14-0F018F4AE6AF}.Debug|Any CPU.Build.0 = Debug|Any CPU
		{F629775D-A435-498A-8C14-0F018F4AE6AF}.Release|Any CPU.ActiveCfg = Release|Any CPU
		{F629775D-A435-498A-8C14-0F018F4AE6AF}.Release|Any CPU.Build.0 = Release|Any CPU
		{05CE0FF6-EE3D-4514-AA93-6D6F005E2FE4}.Debug|Any CPU.ActiveCfg = Debug|Any CPU
		{05CE0FF6-EE3D-4514-AA93-6D6F005E2FE4}.Debug|Any CPU.Build.0 = Debug|Any CPU
		{05CE0FF6-EE3D-4514-AA93-6D6F005E2FE4}.Release|Any CPU.ActiveCfg = Release|Any CPU
		{05CE0FF6-EE3D-4514-AA93-6D6F005E2FE4}.Release|Any CPU.Build.0 = Release|Any CPU
		{C6363969-E466-4D36-B1A6-0FFD4AF2F690}.Debug|Any CPU.ActiveCfg = Debug|Any CPU
		{C6363969-E466-4D36-B1A6-0FFD4AF2F690}.Debug|Any CPU.Build.0 = Debug|Any CPU
		{C6363969-E466-4D36-B1A6-0FFD4AF2F690}.Release|Any CPU.ActiveCfg = Release|Any CPU
		{C6363969-E466-4D36-B1A6-0FFD4AF2F690}.Release|Any CPU.Build.0 = Release|Any CPU
		{CC9BAB2D-48EB-4492-9BE0-0D35D18677C4}.Debug|Any CPU.ActiveCfg = Debug|Any CPU
		{CC9BAB2D-48EB-4492-9BE0-0D35D18677C4}.Debug|Any CPU.Build.0 = Debug|Any CPU
		{CC9BAB2D-48EB-4492-9BE0-0D35D18677C4}.Release|Any CPU.ActiveCfg = Release|Any CPU
		{CC9BAB2D-48EB-4492-9BE0-0D35D18677C4}.Release|Any CPU.Build.0 = Release|Any CPU
		{A5EAD808-E338-423A-B45C-F6D03B6BE3B0}.Debug|Any CPU.ActiveCfg = Debug|Any CPU
		{A5EAD808-E338-423A-B45C-F6D03B6BE3B0}.Debug|Any CPU.Build.0 = Debug|Any CPU
		{A5EAD808-E338-423A-B45C-F6D03B6BE3B0}.Release|Any CPU.ActiveCfg = Release|Any CPU
		{A5EAD808-E338-423A-B45C-F6D03B6BE3B0}.Release|Any CPU.Build.0 = Release|Any CPU
	EndGlobalSection
	GlobalSection(SolutionProperties) = preSolution
		HideSolutionNode = FALSE
	EndGlobalSection
	GlobalSection(NestedProjects) = preSolution
		{54971C1F-D7B6-464C-9258-A2C80ABA4774} = {DC9568A6-48B1-4CC8-AD44-DCD0F91D408A}
		{C858DB67-3617-4118-A6AA-0F2B6C70EAA7} = {DC9568A6-48B1-4CC8-AD44-DCD0F91D408A}
		{F629775D-A435-498A-8C14-0F018F4AE6AF} = {54971C1F-D7B6-464C-9258-A2C80ABA4774}
		{05CE0FF6-EE3D-4514-AA93-6D6F005E2FE4} = {54971C1F-D7B6-464C-9258-A2C80ABA4774}
		{C6363969-E466-4D36-B1A6-0FFD4AF2F690} = {C858DB67-3617-4118-A6AA-0F2B6C70EAA7}
		{CC9BAB2D-48EB-4492-9BE0-0D35D18677C4} = {C858DB67-3617-4118-A6AA-0F2B6C70EAA7}
		{A5EAD808-E338-423A-B45C-F6D03B6BE3B0} = {E31C08CA-8C83-4919-B6D2-C865EC1FD236}
	EndGlobalSection
EndGlobal
